
Microsoft Visual Studio Solution File, Format Version 12.00
# Visual Studio Version 17
VisualStudioVersion = 17.3.32929.385
MinimumVisualStudioVersion = 10.0.40219.1
Project("{2150E333-8FDC-42A3-9474-1A3956D46DE8}") = "Services", "Services", "{CE018938-8537-4E17-9FB1-2EC676968FD7}"
	ProjectSection(SolutionItems) = preProject
		Services.txt = Services.txt
	EndProjectSection
EndProject
Project("{9A19103F-16F7-4668-BE54-9A1E7A4F7556}") = "OBilet.API.Gateway", "OBilet.API.Gateway\OBilet.API.Gateway.csproj", "{BA7C7088-51D4-41F3-B19F-2CE2BB6DE1CA}"
EndProject
Project("{2150E333-8FDC-42A3-9474-1A3956D46DE8}") = "LocationBusAPI", "LocationBusAPI", "{A3770D9C-9602-4107-BD97-DCB1A9F77112}"
EndProject
Project("{2150E333-8FDC-42A3-9474-1A3956D46DE8}") = "JourneyAPI", "JourneyAPI", "{B0EBD4AD-185A-4E61-9598-DAB3170A517B}"
EndProject
Project("{9A19103F-16F7-4668-BE54-9A1E7A4F7556}") = "Journey.API", "Services\JourneyAPI\Journey.API\Journey.API.csproj", "{BA040081-B864-46EC-A5A3-618BD56DC7AE}"
EndProject
Project("{9A19103F-16F7-4668-BE54-9A1E7A4F7556}") = "Journey.API.Infrastructure", "Services\JourneyAPI\Journey.API.Infrastructure\Journey.API.Infrastructure.csproj", "{17ACE51E-595C-42A8-B9AE-4C522F5A1E6E}"
EndProject
Project("{9A19103F-16F7-4668-BE54-9A1E7A4F7556}") = "Journey.API.Models", "Services\JourneyAPI\Journey.API.Models\Journey.API.Models.csproj", "{21E8DA0F-B3C8-45C7-8762-08E4534FBF28}"
EndProject
Project("{9A19103F-16F7-4668-BE54-9A1E7A4F7556}") = "Journey.API.Services", "Services\JourneyAPI\Journey.API.Services\Journey.API.Services.csproj", "{BC195DB3-B6AE-4A10-899D-047CDD94191B}"
EndProject
Project("{9A19103F-16F7-4668-BE54-9A1E7A4F7556}") = "LocationBus.API", "Services\LocationBusAPI\LocationBus.API\LocationBus.API.csproj", "{BB388944-ED35-4380-BFF3-35B0017FC7E3}"
EndProject
Project("{9A19103F-16F7-4668-BE54-9A1E7A4F7556}") = "LocationBus.API.Infrastructure", "Services\LocationBusAPI\LocationBus.API.Infrastructure\LocationBus.API.Infrastructure.csproj", "{9066BAF4-BC12-4AAF-BE17-29BD4CD22134}"
EndProject
Project("{9A19103F-16F7-4668-BE54-9A1E7A4F7556}") = "LocationBus.API.Models", "Services\LocationBusAPI\LocationBus.API.Models\LocationBus.API.Models.csproj", "{10E340DB-F93D-4E3C-9F6F-F28A50016763}"
EndProject
Project("{9A19103F-16F7-4668-BE54-9A1E7A4F7556}") = "LocationBus.API.Services", "Services\LocationBusAPI\LocationBus.API.Services\LocationBus.API.Services.csproj", "{CFD09C96-B8C0-4BAC-BE75-F3A5662E568F}"
EndProject
Project("{2150E333-8FDC-42A3-9474-1A3956D46DE8}") = "OBiletAPI", "OBiletAPI", "{38AD092B-9849-420F-8944-1BDF6F97071A}"
EndProject
Project("{2150E333-8FDC-42A3-9474-1A3956D46DE8}") = "Client", "Client", "{1893B9DE-007D-46E8-A083-1C64AC4F4FA5}"
EndProject
Project("{2150E333-8FDC-42A3-9474-1A3956D46DE8}") = "Presentation", "Presentation", "{6E230228-C137-4720-A23B-0AC786E05A93}"
EndProject
Project("{2150E333-8FDC-42A3-9474-1A3956D46DE8}") = "Web", "Web", "{21B58285-9976-4461-BD86-2561FB7A0B41}"
EndProject
Project("{9A19103F-16F7-4668-BE54-9A1E7A4F7556}") = "OBilet.Presentation.UI.Web.Infrastructure", "Presentation\OBilet.Presentation.UI.Web.Infrastructure\OBilet.Presentation.UI.Web.Infrastructure.csproj", "{69D8B0C7-E24F-476C-BB61-85546AA0609F}"
EndProject
Project("{9A19103F-16F7-4668-BE54-9A1E7A4F7556}") = "OBilet.Presentation.UI.Web.Models", "Presentation\OBilet.Presentation.UI.Web.Models\OBilet.Presentation.UI.Web.Models.csproj", "{90C663B2-93B8-41C2-B704-FBBE69C43BC0}"
EndProject
Project("{9A19103F-16F7-4668-BE54-9A1E7A4F7556}") = "OBilet.Presentation.UI.Web.Services", "Presentation\OBilet.Presentation.UI.Web.Services\OBilet.Presentation.UI.Web.Services.csproj", "{F6997FDA-82A9-44E7-AB2F-1BEDD9494B25}"
EndProject
Project("{9A19103F-16F7-4668-BE54-9A1E7A4F7556}") = "OBilet.API", "Client\OBilet.API\OBilet.API.csproj", "{28048172-EEAE-4E01-A8F1-D95F26904B21}"
EndProject
Project("{9A19103F-16F7-4668-BE54-9A1E7A4F7556}") = "OBilet.API.Infrastructure", "Client\OBilet.API.Infrastructure\OBilet.API.Infrastructure.csproj", "{D0695DAF-6D1A-41B1-9A66-C240B65D00A0}"
EndProject
Project("{9A19103F-16F7-4668-BE54-9A1E7A4F7556}") = "OBilet.API.Models", "Client\OBilet.API.Models\OBilet.API.Models.csproj", "{545A9458-800F-4579-B4DA-9647D7174758}"
EndProject
Project("{9A19103F-16F7-4668-BE54-9A1E7A4F7556}") = "OBilet.API.Services", "Client\OBilet.API.Services\OBilet.API.Services.csproj", "{CA73ECD6-2BC6-489F-B62D-45E53C887542}"
EndProject
Project("{FAE04EC0-301F-11D3-BF4B-00C04F79EFBC}") = "OBilet.Presentation.UI.Web", "Presentation\OBilet.Presentation.UI.Web\OBilet.Presentation.UI.Web\OBilet.Presentation.UI.Web.csproj", "{4E668558-A50F-4ACB-ACB4-09C75B47F09F}"
EndProject
Project("{2150E333-8FDC-42A3-9474-1A3956D46DE8}") = "src", "src", "{CD05161A-2A83-44E6-B290-3262E0D30BE4}"
EndProject
Project("{2150E333-8FDC-42A3-9474-1A3956D46DE8}") = "Gateway", "Gateway", "{F939BF55-37FB-4CBA-9931-39185A7DE71A}"
EndProject
Global
	GlobalSection(SolutionConfigurationPlatforms) = preSolution
		Debug|Any CPU = Debug|Any CPU
		Release|Any CPU = Release|Any CPU
	EndGlobalSection
	GlobalSection(ProjectConfigurationPlatforms) = postSolution
		{BA7C7088-51D4-41F3-B19F-2CE2BB6DE1CA}.Debug|Any CPU.ActiveCfg = Debug|Any CPU
		{BA7C7088-51D4-41F3-B19F-2CE2BB6DE1CA}.Debug|Any CPU.Build.0 = Debug|Any CPU
		{BA7C7088-51D4-41F3-B19F-2CE2BB6DE1CA}.Release|Any CPU.ActiveCfg = Release|Any CPU
		{BA7C7088-51D4-41F3-B19F-2CE2BB6DE1CA}.Release|Any CPU.Build.0 = Release|Any CPU
		{BA040081-B864-46EC-A5A3-618BD56DC7AE}.Debug|Any CPU.ActiveCfg = Debug|Any CPU
		{BA040081-B864-46EC-A5A3-618BD56DC7AE}.Debug|Any CPU.Build.0 = Debug|Any CPU
		{BA040081-B864-46EC-A5A3-618BD56DC7AE}.Release|Any CPU.ActiveCfg = Release|Any CPU
		{BA040081-B864-46EC-A5A3-618BD56DC7AE}.Release|Any CPU.Build.0 = Release|Any CPU
		{17ACE51E-595C-42A8-B9AE-4C522F5A1E6E}.Debug|Any CPU.ActiveCfg = Debug|Any CPU
		{17ACE51E-595C-42A8-B9AE-4C522F5A1E6E}.Debug|Any CPU.Build.0 = Debug|Any CPU
		{17ACE51E-595C-42A8-B9AE-4C522F5A1E6E}.Release|Any CPU.ActiveCfg = Release|Any CPU
		{17ACE51E-595C-42A8-B9AE-4C522F5A1E6E}.Release|Any CPU.Build.0 = Release|Any CPU
		{21E8DA0F-B3C8-45C7-8762-08E4534FBF28}.Debug|Any CPU.ActiveCfg = Debug|Any CPU
		{21E8DA0F-B3C8-45C7-8762-08E4534FBF28}.Debug|Any CPU.Build.0 = Debug|Any CPU
		{21E8DA0F-B3C8-45C7-8762-08E4534FBF28}.Release|Any CPU.ActiveCfg = Release|Any CPU
		{21E8DA0F-B3C8-45C7-8762-08E4534FBF28}.Release|Any CPU.Build.0 = Release|Any CPU
		{BC195DB3-B6AE-4A10-899D-047CDD94191B}.Debug|Any CPU.ActiveCfg = Debug|Any CPU
		{BC195DB3-B6AE-4A10-899D-047CDD94191B}.Debug|Any CPU.Build.0 = Debug|Any CPU
		{BC195DB3-B6AE-4A10-899D-047CDD94191B}.Release|Any CPU.ActiveCfg = Release|Any CPU
		{BC195DB3-B6AE-4A10-899D-047CDD94191B}.Release|Any CPU.Build.0 = Release|Any CPU
		{BB388944-ED35-4380-BFF3-35B0017FC7E3}.Debug|Any CPU.ActiveCfg = Debug|Any CPU
		{BB388944-ED35-4380-BFF3-35B0017FC7E3}.Debug|Any CPU.Build.0 = Debug|Any CPU
		{BB388944-ED35-4380-BFF3-35B0017FC7E3}.Release|Any CPU.ActiveCfg = Release|Any CPU
		{BB388944-ED35-4380-BFF3-35B0017FC7E3}.Release|Any CPU.Build.0 = Release|Any CPU
		{9066BAF4-BC12-4AAF-BE17-29BD4CD22134}.Debug|Any CPU.ActiveCfg = Debug|Any CPU
		{9066BAF4-BC12-4AAF-BE17-29BD4CD22134}.Debug|Any CPU.Build.0 = Debug|Any CPU
		{9066BAF4-BC12-4AAF-BE17-29BD4CD22134}.Release|Any CPU.ActiveCfg = Release|Any CPU
		{9066BAF4-BC12-4AAF-BE17-29BD4CD22134}.Release|Any CPU.Build.0 = Release|Any CPU
		{10E340DB-F93D-4E3C-9F6F-F28A50016763}.Debug|Any CPU.ActiveCfg = Debug|Any CPU
		{10E340DB-F93D-4E3C-9F6F-F28A50016763}.Debug|Any CPU.Build.0 = Debug|Any CPU
		{10E340DB-F93D-4E3C-9F6F-F28A50016763}.Release|Any CPU.ActiveCfg = Release|Any CPU
		{10E340DB-F93D-4E3C-9F6F-F28A50016763}.Release|Any CPU.Build.0 = Release|Any CPU
		{CFD09C96-B8C0-4BAC-BE75-F3A5662E568F}.Debug|Any CPU.ActiveCfg = Debug|Any CPU
		{CFD09C96-B8C0-4BAC-BE75-F3A5662E568F}.Debug|Any CPU.Build.0 = Debug|Any CPU
		{CFD09C96-B8C0-4BAC-BE75-F3A5662E568F}.Release|Any CPU.ActiveCfg = Release|Any CPU
		{CFD09C96-B8C0-4BAC-BE75-F3A5662E568F}.Release|Any CPU.Build.0 = Release|Any CPU
		{69D8B0C7-E24F-476C-BB61-85546AA0609F}.Debug|Any CPU.ActiveCfg = Debug|Any CPU
		{69D8B0C7-E24F-476C-BB61-85546AA0609F}.Debug|Any CPU.Build.0 = Debug|Any CPU
		{69D8B0C7-E24F-476C-BB61-85546AA0609F}.Release|Any CPU.ActiveCfg = Release|Any CPU
		{69D8B0C7-E24F-476C-BB61-85546AA0609F}.Release|Any CPU.Build.0 = Release|Any CPU
		{90C663B2-93B8-41C2-B704-FBBE69C43BC0}.Debug|Any CPU.ActiveCfg = Debug|Any CPU
		{90C663B2-93B8-41C2-B704-FBBE69C43BC0}.Debug|Any CPU.Build.0 = Debug|Any CPU
		{90C663B2-93B8-41C2-B704-FBBE69C43BC0}.Release|Any CPU.ActiveCfg = Release|Any CPU
		{90C663B2-93B8-41C2-B704-FBBE69C43BC0}.Release|Any CPU.Build.0 = Release|Any CPU
		{F6997FDA-82A9-44E7-AB2F-1BEDD9494B25}.Debug|Any CPU.ActiveCfg = Debug|Any CPU
		{F6997FDA-82A9-44E7-AB2F-1BEDD9494B25}.Debug|Any CPU.Build.0 = Debug|Any CPU
		{F6997FDA-82A9-44E7-AB2F-1BEDD9494B25}.Release|Any CPU.ActiveCfg = Release|Any CPU
		{F6997FDA-82A9-44E7-AB2F-1BEDD9494B25}.Release|Any CPU.Build.0 = Release|Any CPU
		{28048172-EEAE-4E01-A8F1-D95F26904B21}.Debug|Any CPU.ActiveCfg = Debug|Any CPU
		{28048172-EEAE-4E01-A8F1-D95F26904B21}.Debug|Any CPU.Build.0 = Debug|Any CPU
		{28048172-EEAE-4E01-A8F1-D95F26904B21}.Release|Any CPU.ActiveCfg = Release|Any CPU
		{28048172-EEAE-4E01-A8F1-D95F26904B21}.Release|Any CPU.Build.0 = Release|Any CPU
		{D0695DAF-6D1A-41B1-9A66-C240B65D00A0}.Debug|Any CPU.ActiveCfg = Debug|Any CPU
		{D0695DAF-6D1A-41B1-9A66-C240B65D00A0}.Debug|Any CPU.Build.0 = Debug|Any CPU
		{D0695DAF-6D1A-41B1-9A66-C240B65D00A0}.Release|Any CPU.ActiveCfg = Release|Any CPU
		{D0695DAF-6D1A-41B1-9A66-C240B65D00A0}.Release|Any CPU.Build.0 = Release|Any CPU
		{545A9458-800F-4579-B4DA-9647D7174758}.Debug|Any CPU.ActiveCfg = Debug|Any CPU
		{545A9458-800F-4579-B4DA-9647D7174758}.Debug|Any CPU.Build.0 = Debug|Any CPU
		{545A9458-800F-4579-B4DA-9647D7174758}.Release|Any CPU.ActiveCfg = Release|Any CPU
		{545A9458-800F-4579-B4DA-9647D7174758}.Release|Any CPU.Build.0 = Release|Any CPU
		{CA73ECD6-2BC6-489F-B62D-45E53C887542}.Debug|Any CPU.ActiveCfg = Debug|Any CPU
		{CA73ECD6-2BC6-489F-B62D-45E53C887542}.Debug|Any CPU.Build.0 = Debug|Any CPU
		{CA73ECD6-2BC6-489F-B62D-45E53C887542}.Release|Any CPU.ActiveCfg = Release|Any CPU
		{CA73ECD6-2BC6-489F-B62D-45E53C887542}.Release|Any CPU.Build.0 = Release|Any CPU
		{4E668558-A50F-4ACB-ACB4-09C75B47F09F}.Debug|Any CPU.ActiveCfg = Debug|Any CPU
		{4E668558-A50F-4ACB-ACB4-09C75B47F09F}.Debug|Any CPU.Build.0 = Debug|Any CPU
		{4E668558-A50F-4ACB-ACB4-09C75B47F09F}.Release|Any CPU.ActiveCfg = Release|Any CPU
		{4E668558-A50F-4ACB-ACB4-09C75B47F09F}.Release|Any CPU.Build.0 = Release|Any CPU
	EndGlobalSection
	GlobalSection(SolutionProperties) = preSolution
		HideSolutionNode = FALSE
	EndGlobalSection
	GlobalSection(NestedProjects) = preSolution
		{CE018938-8537-4E17-9FB1-2EC676968FD7} = {CD05161A-2A83-44E6-B290-3262E0D30BE4}
		{BA7C7088-51D4-41F3-B19F-2CE2BB6DE1CA} = {F939BF55-37FB-4CBA-9931-39185A7DE71A}
		{A3770D9C-9602-4107-BD97-DCB1A9F77112} = {CE018938-8537-4E17-9FB1-2EC676968FD7}
		{B0EBD4AD-185A-4E61-9598-DAB3170A517B} = {CE018938-8537-4E17-9FB1-2EC676968FD7}
		{BA040081-B864-46EC-A5A3-618BD56DC7AE} = {B0EBD4AD-185A-4E61-9598-DAB3170A517B}
		{17ACE51E-595C-42A8-B9AE-4C522F5A1E6E} = {B0EBD4AD-185A-4E61-9598-DAB3170A517B}
		{21E8DA0F-B3C8-45C7-8762-08E4534FBF28} = {B0EBD4AD-185A-4E61-9598-DAB3170A517B}
		{BC195DB3-B6AE-4A10-899D-047CDD94191B} = {B0EBD4AD-185A-4E61-9598-DAB3170A517B}
		{BB388944-ED35-4380-BFF3-35B0017FC7E3} = {A3770D9C-9602-4107-BD97-DCB1A9F77112}
		{9066BAF4-BC12-4AAF-BE17-29BD4CD22134} = {A3770D9C-9602-4107-BD97-DCB1A9F77112}
		{10E340DB-F93D-4E3C-9F6F-F28A50016763} = {A3770D9C-9602-4107-BD97-DCB1A9F77112}
		{CFD09C96-B8C0-4BAC-BE75-F3A5662E568F} = {A3770D9C-9602-4107-BD97-DCB1A9F77112}
		{38AD092B-9849-420F-8944-1BDF6F97071A} = {1893B9DE-007D-46E8-A083-1C64AC4F4FA5}
		{1893B9DE-007D-46E8-A083-1C64AC4F4FA5} = {CD05161A-2A83-44E6-B290-3262E0D30BE4}
		{6E230228-C137-4720-A23B-0AC786E05A93} = {CD05161A-2A83-44E6-B290-3262E0D30BE4}
		{21B58285-9976-4461-BD86-2561FB7A0B41} = {6E230228-C137-4720-A23B-0AC786E05A93}
		{69D8B0C7-E24F-476C-BB61-85546AA0609F} = {21B58285-9976-4461-BD86-2561FB7A0B41}
		{90C663B2-93B8-41C2-B704-FBBE69C43BC0} = {21B58285-9976-4461-BD86-2561FB7A0B41}
		{F6997FDA-82A9-44E7-AB2F-1BEDD9494B25} = {21B58285-9976-4461-BD86-2561FB7A0B41}
		{28048172-EEAE-4E01-A8F1-D95F26904B21} = {38AD092B-9849-420F-8944-1BDF6F97071A}
		{D0695DAF-6D1A-41B1-9A66-C240B65D00A0} = {38AD092B-9849-420F-8944-1BDF6F97071A}
		{545A9458-800F-4579-B4DA-9647D7174758} = {38AD092B-9849-420F-8944-1BDF6F97071A}
		{CA73ECD6-2BC6-489F-B62D-45E53C887542} = {38AD092B-9849-420F-8944-1BDF6F97071A}
		{4E668558-A50F-4ACB-ACB4-09C75B47F09F} = {21B58285-9976-4461-BD86-2561FB7A0B41}
		{F939BF55-37FB-4CBA-9931-39185A7DE71A} = {CD05161A-2A83-44E6-B290-3262E0D30BE4}
	EndGlobalSection
	GlobalSection(ExtensibilityGlobals) = postSolution
		SolutionGuid = {F12FE3FD-DF0E-43C4-85CB-46BE26489894}
	EndGlobalSection
EndGlobal
